
Microsoft Visual Studio Solution File, Format Version 12.00
# Visual Studio Version 16
VisualStudioVersion = 16.0.29409.12
MinimumVisualStudioVersion = 10.0.40219.1
Project("{FAE04EC0-301F-11D3-BF4B-00C04F79EFBC}") = "Ilorin-West", "Ilorin-West.csproj", "{3306718C-CF86-4F38-A7B9-5D51A0864CDB}"
EndProject
Global
	GlobalSection(SolutionConfigurationPlatforms) = preSolution
		Debug|Any CPU = Debug|Any CPU
		Release|Any CPU = Release|Any CPU
	EndGlobalSection
	GlobalSection(ProjectConfigurationPlatforms) = postSolution
		{3306718C-CF86-4F38-A7B9-5D51A0864CDB}.Debug|Any CPU.ActiveCfg = Debug|Any CPU
		{3306718C-CF86-4F38-A7B9-5D51A0864CDB}.Debug|Any CPU.Build.0 = Debug|Any CPU
		{3306718C-CF86-4F38-A7B9-5D51A0864CDB}.Release|Any CPU.ActiveCfg = Release|Any CPU
		{3306718C-CF86-4F38-A7B9-5D51A0864CDB}.Release|Any CPU.Build.0 = Release|Any CPU
	EndGlobalSection
	GlobalSection(SolutionProperties) = preSolution
		HideSolutionNode = FALSE
	EndGlobalSection
	GlobalSection(ExtensibilityGlobals) = postSolution
		SolutionGuid = {52A7D8E2-036D-470F-9BF2-2E31DAAFA35E}
	EndGlobalSection
EndGlobal
